{
  "name": "joocurtis",
  "version": "0.1.1",
  "lockfileVersion": 3,
  "requires": true,
  "packages": {
    "": {
      "name": "joocurtis",
      "version": "0.1.1",
      "license": "ISC",
      "dependencies": {
        "pysatellite": "^0.5.0"
      },
      "bin": {
        "joocurtis": "index.js"
      }
    },
    "node_modules/pysatellite": {
      "version": "0.5.0",
      "resolved": "https://registry.npmjs.org/pysatellite/-/pysatellite-0.5.0.tgz",
      "integrity": "sha512-k8cisT08P7hWMXBdJnIRmqaN3rcSfdoF8FVvWQQxs2egdaPlky4A1VoKfRyfzfqwQFgRD9BmDf7vsxd34vWppw==",
      "bin": {
        "pysatellite": "index.js"
      }
    }
  }
}
